// !$*UTF8*$!
{
	archiveVersion = 1;
	classes = {
	};
	objectVersion = 46;
	objects = {

/* Begin PBXBuildFile section */
		CEC3AFAB1708D68900C07745 /* License_Plate_Recognizer.1 in CopyFiles */ = {isa = PBXBuildFile; fileRef = CEC3AFAA1708D68900C07745 /* License_Plate_Recognizer.1 */; };
		CEC3AFC31708D72000C07745 /* libopencv_calib3d.2.4.4.dylib in Frameworks */ = {isa = PBXBuildFile; fileRef = CEC3AFB21708D72000C07745 /* libopencv_calib3d.2.4.4.dylib */; };
		CEC3AFC41708D72000C07745 /* libopencv_contrib.2.4.4.dylib in Frameworks */ = {isa = PBXBuildFile; fileRef = CEC3AFB31708D72000C07745 /* libopencv_contrib.2.4.4.dylib */; };
		CEC3AFC51708D72000C07745 /* libopencv_core.2.4.4.dylib in Frameworks */ = {isa = PBXBuildFile; fileRef = CEC3AFB41708D72000C07745 /* libopencv_core.2.4.4.dylib */; };
		CEC3AFC61708D72000C07745 /* libopencv_features2d.2.4.4.dylib in Frameworks */ = {isa = PBXBuildFile; fileRef = CEC3AFB51708D72000C07745 /* libopencv_features2d.2.4.4.dylib */; };
		CEC3AFC71708D72000C07745 /* libopencv_flann.2.4.4.dylib in Frameworks */ = {isa = PBXBuildFile; fileRef = CEC3AFB61708D72000C07745 /* libopencv_flann.2.4.4.dylib */; };
		CEC3AFC81708D72000C07745 /* libopencv_gpu.2.4.4.dylib in Frameworks */ = {isa = PBXBuildFile; fileRef = CEC3AFB71708D72000C07745 /* libopencv_gpu.2.4.4.dylib */; };
		CEC3AFC91708D72000C07745 /* libopencv_highgui.2.4.4.dylib in Frameworks */ = {isa = PBXBuildFile; fileRef = CEC3AFB81708D72000C07745 /* libopencv_highgui.2.4.4.dylib */; };
		CEC3AFCA1708D72000C07745 /* libopencv_imgproc.2.4.4.dylib in Frameworks */ = {isa = PBXBuildFile; fileRef = CEC3AFB91708D72000C07745 /* libopencv_imgproc.2.4.4.dylib */; };
		CEC3AFCB1708D72000C07745 /* libopencv_legacy.2.4.4.dylib in Frameworks */ = {isa = PBXBuildFile; fileRef = CEC3AFBA1708D72000C07745 /* libopencv_legacy.2.4.4.dylib */; };
		CEC3AFCC1708D72000C07745 /* libopencv_ml.2.4.4.dylib in Frameworks */ = {isa = PBXBuildFile; fileRef = CEC3AFBB1708D72000C07745 /* libopencv_ml.2.4.4.dylib */; };
		CEC3AFCD1708D72000C07745 /* libopencv_nonfree.2.4.4.dylib in Frameworks */ = {isa = PBXBuildFile; fileRef = CEC3AFBC1708D72000C07745 /* libopencv_nonfree.2.4.4.dylib */; };
		CEC3AFCE1708D72000C07745 /* libopencv_objdetect.2.4.4.dylib in Frameworks */ = {isa = PBXBuildFile; fileRef = CEC3AFBD1708D72000C07745 /* libopencv_objdetect.2.4.4.dylib */; };
		CEC3AFCF1708D72000C07745 /* libopencv_photo.2.4.4.dylib in Frameworks */ = {isa = PBXBuildFile; fileRef = CEC3AFBE1708D72000C07745 /* libopencv_photo.2.4.4.dylib */; };
		CEC3AFD01708D72000C07745 /* libopencv_stitching.2.4.4.dylib in Frameworks */ = {isa = PBXBuildFile; fileRef = CEC3AFBF1708D72000C07745 /* libopencv_stitching.2.4.4.dylib */; };
		CEC3AFD11708D72000C07745 /* libopencv_ts.2.4.4.dylib in Frameworks */ = {isa = PBXBuildFile; fileRef = CEC3AFC01708D72000C07745 /* libopencv_ts.2.4.4.dylib */; };
		CEC3AFD21708D72000C07745 /* libopencv_video.2.4.4.dylib in Frameworks */ = {isa = PBXBuildFile; fileRef = CEC3AFC11708D72000C07745 /* libopencv_video.2.4.4.dylib */; };
		CEC3AFD31708D72000C07745 /* libopencv_videostab.2.4.4.dylib in Frameworks */ = {isa = PBXBuildFile; fileRef = CEC3AFC21708D72000C07745 /* libopencv_videostab.2.4.4.dylib */; };
		CEE088CF1709CDF800A6BD8F /* main.cpp in Sources */ = {isa = PBXBuildFile; fileRef = CEC3AFA81708D68800C07745 /* main.cpp */; };
		CEE088D01709CDF800A6BD8F /* gabor.cpp in Sources */ = {isa = PBXBuildFile; fileRef = CEE088C31709BA2A00A6BD8F /* gabor.cpp */; };
/* End PBXBuildFile section */

/* Begin PBXCopyFilesBuildPhase section */
		CEC3AFA31708D68800C07745 /* CopyFiles */ = {
			isa = PBXCopyFilesBuildPhase;
			buildActionMask = 2147483647;
			dstPath = /usr/share/man/man1/;
			dstSubfolderSpec = 0;
			files = (
				CEC3AFAB1708D68900C07745 /* License_Plate_Recognizer.1 in CopyFiles */,
			);
			runOnlyForDeploymentPostprocessing = 1;
		};
/* End PBXCopyFilesBuildPhase section */

/* Begin PBXFileReference section */
		CEC3AFA51708D68800C07745 /* License Plate Recognizer */ = {isa = PBXFileReference; explicitFileType = "compiled.mach-o.executable"; includeInIndex = 0; path = "License Plate Recognizer"; sourceTree = BUILT_PRODUCTS_DIR; };
		CEC3AFA81708D68800C07745 /* main.cpp */ = {isa = PBXFileReference; lastKnownFileType = sourcecode.cpp.cpp; path = main.cpp; sourceTree = "<group>"; };
		CEC3AFAA1708D68900C07745 /* License_Plate_Recognizer.1 */ = {isa = PBXFileReference; lastKnownFileType = text.man; path = License_Plate_Recognizer.1; sourceTree = "<group>"; };
		CEC3AFB21708D72000C07745 /* libopencv_calib3d.2.4.4.dylib */ = {isa = PBXFileReference; lastKnownFileType = "compiled.mach-o.dylib"; name = libopencv_calib3d.2.4.4.dylib; path = ../../../../../opt/local/lib/libopencv_calib3d.2.4.4.dylib; sourceTree = "<group>"; };
		CEC3AFB31708D72000C07745 /* libopencv_contrib.2.4.4.dylib */ = {isa = PBXFileReference; lastKnownFileType = "compiled.mach-o.dylib"; name = libopencv_contrib.2.4.4.dylib; path = ../../../../../opt/local/lib/libopencv_contrib.2.4.4.dylib; sourceTree = "<group>"; };
		CEC3AFB41708D72000C07745 /* libopencv_core.2.4.4.dylib */ = {isa = PBXFileReference; lastKnownFileType = "compiled.mach-o.dylib"; name = libopencv_core.2.4.4.dylib; path = ../../../../../opt/local/lib/libopencv_core.2.4.4.dylib; sourceTree = "<group>"; };
		CEC3AFB51708D72000C07745 /* libopencv_features2d.2.4.4.dylib */ = {isa = PBXFileReference; lastKnownFileType = "compiled.mach-o.dylib"; name = libopencv_features2d.2.4.4.dylib; path = ../../../../../opt/local/lib/libopencv_features2d.2.4.4.dylib; sourceTree = "<group>"; };
		CEC3AFB61708D72000C07745 /* libopencv_flann.2.4.4.dylib */ = {isa = PBXFileReference; lastKnownFileType = "compiled.mach-o.dylib"; name = libopencv_flann.2.4.4.dylib; path = ../../../../../opt/local/lib/libopencv_flann.2.4.4.dylib; sourceTree = "<group>"; };
		CEC3AFB71708D72000C07745 /* libopencv_gpu.2.4.4.dylib */ = {isa = PBXFileReference; lastKnownFileType = "compiled.mach-o.dylib"; name = libopencv_gpu.2.4.4.dylib; path = ../../../../../opt/local/lib/libopencv_gpu.2.4.4.dylib; sourceTree = "<group>"; };
		CEC3AFB81708D72000C07745 /* libopencv_highgui.2.4.4.dylib */ = {isa = PBXFileReference; lastKnownFileType = "compiled.mach-o.dylib"; name = libopencv_highgui.2.4.4.dylib; path = ../../../../../opt/local/lib/libopencv_highgui.2.4.4.dylib; sourceTree = "<group>"; };
		CEC3AFB91708D72000C07745 /* libopencv_imgproc.2.4.4.dylib */ = {isa = PBXFileReference; lastKnownFileType = "compiled.mach-o.dylib"; name = libopencv_imgproc.2.4.4.dylib; path = ../../../../../opt/local/lib/libopencv_imgproc.2.4.4.dylib; sourceTree = "<group>"; };
		CEC3AFBA1708D72000C07745 /* libopencv_legacy.2.4.4.dylib */ = {isa = PBXFileReference; lastKnownFileType = "compiled.mach-o.dylib"; name = libopencv_legacy.2.4.4.dylib; path = ../../../../../opt/local/lib/libopencv_legacy.2.4.4.dylib; sourceTree = "<group>"; };
		CEC3AFBB1708D72000C07745 /* libopencv_ml.2.4.4.dylib */ = {isa = PBXFileReference; lastKnownFileType = "compiled.mach-o.dylib"; name = libopencv_ml.2.4.4.dylib; path = ../../../../../opt/local/lib/libopencv_ml.2.4.4.dylib; sourceTree = "<group>"; };
		CEC3AFBC1708D72000C07745 /* libopencv_nonfree.2.4.4.dylib */ = {isa = PBXFileReference; lastKnownFileType = "compiled.mach-o.dylib"; name = libopencv_nonfree.2.4.4.dylib; path = ../../../../../opt/local/lib/libopencv_nonfree.2.4.4.dylib; sourceTree = "<group>"; };
		CEC3AFBD1708D72000C07745 /* libopencv_objdetect.2.4.4.dylib */ = {isa = PBXFileReference; lastKnownFileType = "compiled.mach-o.dylib"; name = libopencv_objdetect.2.4.4.dylib; path = ../../../../../opt/local/lib/libopencv_objdetect.2.4.4.dylib; sourceTree = "<group>"; };
		CEC3AFBE1708D72000C07745 /* libopencv_photo.2.4.4.dylib */ = {isa = PBXFileReference; lastKnownFileType = "compiled.mach-o.dylib"; name = libopencv_photo.2.4.4.dylib; path = ../../../../../opt/local/lib/libopencv_photo.2.4.4.dylib; sourceTree = "<group>"; };
		CEC3AFBF1708D72000C07745 /* libopencv_stitching.2.4.4.dylib */ = {isa = PBXFileReference; lastKnownFileType = "compiled.mach-o.dylib"; name = libopencv_stitching.2.4.4.dylib; path = ../../../../../opt/local/lib/libopencv_stitching.2.4.4.dylib; sourceTree = "<group>"; };
		CEC3AFC01708D72000C07745 /* libopencv_ts.2.4.4.dylib */ = {isa = PBXFileReference; lastKnownFileType = "compiled.mach-o.dylib"; name = libopencv_ts.2.4.4.dylib; path = ../../../../../opt/local/lib/libopencv_ts.2.4.4.dylib; sourceTree = "<group>"; };
		CEC3AFC11708D72000C07745 /* libopencv_video.2.4.4.dylib */ = {isa = PBXFileReference; lastKnownFileType = "compiled.mach-o.dylib"; name = libopencv_video.2.4.4.dylib; path = ../../../../../opt/local/lib/libopencv_video.2.4.4.dylib; sourceTree = "<group>"; };
		CEC3AFC21708D72000C07745 /* libopencv_videostab.2.4.4.dylib */ = {isa = PBXFileReference; lastKnownFileType = "compiled.mach-o.dylib"; name = libopencv_videostab.2.4.4.dylib; path = ../../../../../opt/local/lib/libopencv_videostab.2.4.4.dylib; sourceTree = "<group>"; };
		CEE088C31709BA2A00A6BD8F /* gabor.cpp */ = {isa = PBXFileReference; fileEncoding = 4; lastKnownFileType = sourcecode.cpp.cpp; path = gabor.cpp; sourceTree = "<group>"; };
		CEE088C71709BFB500A6BD8F /* gabor.h */ = {isa = PBXFileReference; lastKnownFileType = sourcecode.c.h; path = gabor.h; sourceTree = "<group>"; };
		CEE088C91709C40300A6BD8F /* test.cpp */ = {isa = PBXFileReference; fileEncoding = 4; lastKnownFileType = sourcecode.cpp.cpp; path = test.cpp; sourceTree = "<group>"; };
/* End PBXFileReference section */

/* Begin PBXFrameworksBuildPhase section */
		CEC3AFA21708D68800C07745 /* Frameworks */ = {
			isa = PBXFrameworksBuildPhase;
			buildActionMask = 2147483647;
			files = (
				CEC3AFC31708D72000C07745 /* libopencv_calib3d.2.4.4.dylib in Frameworks */,
				CEC3AFC41708D72000C07745 /* libopencv_contrib.2.4.4.dylib in Frameworks */,
				CEC3AFC51708D72000C07745 /* libopencv_core.2.4.4.dylib in Frameworks */,
				CEC3AFC61708D72000C07745 /* libopencv_features2d.2.4.4.dylib in Frameworks */,
				CEC3AFC71708D72000C07745 /* libopencv_flann.2.4.4.dylib in Frameworks */,
				CEC3AFC81708D72000C07745 /* libopencv_gpu.2.4.4.dylib in Frameworks */,
				CEC3AFC91708D72000C07745 /* libopencv_highgui.2.4.4.dylib in Frameworks */,
				CEC3AFCA1708D72000C07745 /* libopencv_imgproc.2.4.4.dylib in Frameworks */,
				CEC3AFCB1708D72000C07745 /* libopencv_legacy.2.4.4.dylib in Frameworks */,
				CEC3AFCC1708D72000C07745 /* libopencv_ml.2.4.4.dylib in Frameworks */,
				CEC3AFCD1708D72000C07745 /* libopencv_nonfree.2.4.4.dylib in Frameworks */,
				CEC3AFCE1708D72000C07745 /* libopencv_objdetect.2.4.4.dylib in Frameworks */,
				CEC3AFCF1708D72000C07745 /* libopencv_photo.2.4.4.dylib in Frameworks */,
				CEC3AFD01708D72000C07745 /* libopencv_stitching.2.4.4.dylib in Frameworks */,
				CEC3AFD11708D72000C07745 /* libopencv_ts.2.4.4.dylib in Frameworks */,
				CEC3AFD21708D72000C07745 /* libopencv_video.2.4.4.dylib in Frameworks */,
				CEC3AFD31708D72000C07745 /* libopencv_videostab.2.4.4.dylib in Frameworks */,
			);
			runOnlyForDeploymentPostprocessing = 0;
		};
/* End PBXFrameworksBuildPhase section */

/* Begin PBXGroup section */
		CEC3AF9C1708D68800C07745 = {
			isa = PBXGroup;
			children = (
				CEC3AFB11708D6B700C07745 /* OpenCV Framework */,
				CEC3AFA71708D68800C07745 /* License Plate Recognizer */,
				CEC3AFA61708D68800C07745 /* Products */,
			);
			sourceTree = "<group>";
		};
		CEC3AFA61708D68800C07745 /* Products */ = {
			isa = PBXGroup;
			children = (
				CEC3AFA51708D68800C07745 /* License Plate Recognizer */,
			);
			name = Products;
			sourceTree = "<group>";
		};
		CEC3AFA71708D68800C07745 /* License Plate Recognizer */ = {
			isa = PBXGroup;
			children = (
				CEC3AFA81708D68800C07745 /* main.cpp */,
				CEC3AFAA1708D68900C07745 /* License_Plate_Recognizer.1 */,
				CEE088C31709BA2A00A6BD8F /* gabor.cpp */,
				CEE088C71709BFB500A6BD8F /* gabor.h */,
				CEE088C91709C40300A6BD8F /* test.cpp */,
			);
			path = "License Plate Recognizer";
			sourceTree = "<group>";
		};
		CEC3AFB11708D6B700C07745 /* OpenCV Framework */ = {
			isa = PBXGroup;
			children = (
				CEC3AFB21708D72000C07745 /* libopencv_calib3d.2.4.4.dylib */,
				CEC3AFB31708D72000C07745 /* libopencv_contrib.2.4.4.dylib */,
				CEC3AFB41708D72000C07745 /* libopencv_core.2.4.4.dylib */,
				CEC3AFB51708D72000C07745 /* libopencv_features2d.2.4.4.dylib */,
				CEC3AFB61708D72000C07745 /* libopencv_flann.2.4.4.dylib */,
				CEC3AFB71708D72000C07745 /* libopencv_gpu.2.4.4.dylib */,
				CEC3AFB81708D72000C07745 /* libopencv_highgui.2.4.4.dylib */,
				CEC3AFB91708D72000C07745 /* libopencv_imgproc.2.4.4.dylib */,
				CEC3AFBA1708D72000C07745 /* libopencv_legacy.2.4.4.dylib */,
				CEC3AFBB1708D72000C07745 /* libopencv_ml.2.4.4.dylib */,
				CEC3AFBC1708D72000C07745 /* libopencv_nonfree.2.4.4.dylib */,
				CEC3AFBD1708D72000C07745 /* libopencv_objdetect.2.4.4.dylib */,
				CEC3AFBE1708D72000C07745 /* libopencv_photo.2.4.4.dylib */,
				CEC3AFBF1708D72000C07745 /* libopencv_stitching.2.4.4.dylib */,
				CEC3AFC01708D72000C07745 /* libopencv_ts.2.4.4.dylib */,
				CEC3AFC11708D72000C07745 /* libopencv_video.2.4.4.dylib */,
				CEC3AFC21708D72000C07745 /* libopencv_videostab.2.4.4.dylib */,
			);
			name = "OpenCV Framework";
			sourceTree = "<group>";
		};
/* End PBXGroup section */

/* Begin PBXNativeTarget section */
		CEC3AFA41708D68800C07745 /* License Plate Recognizer */ = {
			isa = PBXNativeTarget;
			buildConfigurationList = CEC3AFAE1708D68900C07745 /* Build configuration list for PBXNativeTarget "License Plate Recognizer" */;
			buildPhases = (
				CEC3AFA11708D68800C07745 /* Sources */,
				CEC3AFA21708D68800C07745 /* Frameworks */,
				CEC3AFA31708D68800C07745 /* CopyFiles */,
			);
			buildRules = (
			);
			dependencies = (
			);
			name = "License Plate Recognizer";
			productName = "License Plate Recognizer";
			productReference = CEC3AFA51708D68800C07745 /* License Plate Recognizer */;
			productType = "com.apple.product-type.tool";
		};
/* End PBXNativeTarget section */

/* Begin PBXProject section */
		CEC3AF9D1708D68800C07745 /* Project object */ = {
			isa = PBXProject;
			attributes = {
				LastUpgradeCheck = 0460;
				ORGANIZATIONNAME = "Mario Orozco Borrego";
			};
			buildConfigurationList = CEC3AFA01708D68800C07745 /* Build configuration list for PBXProject "License Plate Recognizer" */;
			compatibilityVersion = "Xcode 3.2";
			developmentRegion = English;
			hasScannedForEncodings = 0;
			knownRegions = (
				en,
			);
			mainGroup = CEC3AF9C1708D68800C07745;
			productRefGroup = CEC3AFA61708D68800C07745 /* Products */;
			projectDirPath = "";
			projectRoot = "";
			targets = (
				CEC3AFA41708D68800C07745 /* License Plate Recognizer */,
			);
		};
/* End PBXProject section */

/* Begin PBXSourcesBuildPhase section */
		CEC3AFA11708D68800C07745 /* Sources */ = {
			isa = PBXSourcesBuildPhase;
			buildActionMask = 2147483647;
			files = (
				CEE088CF1709CDF800A6BD8F /* main.cpp in Sources */,
				CEE088D01709CDF800A6BD8F /* gabor.cpp in Sources */,
			);
			runOnlyForDeploymentPostprocessing = 0;
		};
/* End PBXSourcesBuildPhase section */

/* Begin XCBuildConfiguration section */
		CEC3AFAC1708D68900C07745 /* Debug */ = {
			isa = XCBuildConfiguration;
			buildSettings = {
				ALWAYS_SEARCH_USER_PATHS = NO;
				ARCHS = "$(ARCHS_STANDARD_64_BIT)";
				CLANG_CXX_LANGUAGE_STANDARD = "gnu++0x";
				CLANG_CXX_LIBRARY = "libc++";
				CLANG_ENABLE_OBJC_ARC = YES;
				CLANG_WARN_CONSTANT_CONVERSION = YES;
				CLANG_WARN_EMPTY_BODY = YES;
				CLANG_WARN_ENUM_CONVERSION = YES;
				CLANG_WARN_INT_CONVERSION = YES;
				CLANG_WARN__DUPLICATE_METHOD_MATCH = YES;
				COPY_PHASE_STRIP = NO;
				GCC_C_LANGUAGE_STANDARD = gnu99;
				GCC_DYNAMIC_NO_PIC = NO;
				GCC_ENABLE_OBJC_EXCEPTIONS = YES;
				GCC_OPTIMIZATION_LEVEL = 0;
				GCC_PREPROCESSOR_DEFINITIONS = (
					"DEBUG=1",
					"$(inherited)",
				);
				GCC_SYMBOLS_PRIVATE_EXTERN = NO;
				GCC_WARN_64_TO_32_BIT_CONVERSION = YES;
				GCC_WARN_ABOUT_RETURN_TYPE = YES;
				GCC_WARN_UNINITIALIZED_AUTOS = YES;
				GCC_WARN_UNUSED_VARIABLE = YES;
				MACOSX_DEPLOYMENT_TARGET = 10.8;
				ONLY_ACTIVE_ARCH = YES;
				SDKROOT = macosx;
			};
			name = Debug;
		};
		CEC3AFAD1708D68900C07745 /* Release */ = {
			isa = XCBuildConfiguration;
			buildSettings = {
				ALWAYS_SEARCH_USER_PATHS = NO;
				ARCHS = "$(ARCHS_STANDARD_64_BIT)";
				CLANG_CXX_LANGUAGE_STANDARD = "gnu++0x";
				CLANG_CXX_LIBRARY = "libc++";
				CLANG_ENABLE_OBJC_ARC = YES;
				CLANG_WARN_CONSTANT_CONVERSION = YES;
				CLANG_WARN_EMPTY_BODY = YES;
				CLANG_WARN_ENUM_CONVERSION = YES;
				CLANG_WARN_INT_CONVERSION = YES;
				CLANG_WARN__DUPLICATE_METHOD_MATCH = YES;
				COPY_PHASE_STRIP = YES;
				DEBUG_INFORMATION_FORMAT = "dwarf-with-dsym";
				GCC_C_LANGUAGE_STANDARD = gnu99;
				GCC_ENABLE_OBJC_EXCEPTIONS = YES;
				GCC_WARN_64_TO_32_BIT_CONVERSION = YES;
				GCC_WARN_ABOUT_RETURN_TYPE = YES;
				GCC_WARN_UNINITIALIZED_AUTOS = YES;
				GCC_WARN_UNUSED_VARIABLE = YES;
				MACOSX_DEPLOYMENT_TARGET = 10.8;
				SDKROOT = macosx;
			};
			name = Release;
		};
		CEC3AFAF1708D68900C07745 /* Debug */ = {
			isa = XCBuildConfiguration;
			buildSettings = {
				ARCHS = "$(ARCHS_STANDARD_64_BIT)";
				GCC_VERSION = com.apple.compilers.llvmgcc42;
				HEADER_SEARCH_PATHS = /opt/local/include;
				LIBRARY_SEARCH_PATHS = /opt/local/lib;
				PRODUCT_NAME = "$(TARGET_NAME)";
				VALID_ARCHS = x86_64;
			};
			name = Debug;
		};
		CEC3AFB01708D68900C07745 /* Release */ = {
			isa = XCBuildConfiguration;
			buildSettings = {
				ARCHS = "$(ARCHS_STANDARD_64_BIT)";
				GCC_VERSION = com.apple.compilers.llvmgcc42;
				HEADER_SEARCH_PATHS = /opt/local/include;
				LIBRARY_SEARCH_PATHS = /opt/local/lib;
				PRODUCT_NAME = "$(TARGET_NAME)";
				VALID_ARCHS = x86_64;
			};
			name = Release;
		};
/* End XCBuildConfiguration section */

/* Begin XCConfigurationList section */
		CEC3AFA01708D68800C07745 /* Build configuration list for PBXProject "License Plate Recognizer" */ = {
			isa = XCConfigurationList;
			buildConfigurations = (
				CEC3AFAC1708D68900C07745 /* Debug */,
				CEC3AFAD1708D68900C07745 /* Release */,
			);
			defaultConfigurationIsVisible = 0;
			defaultConfigurationName = Release;
		};
		CEC3AFAE1708D68900C07745 /* Build configuration list for PBXNativeTarget "License Plate Recognizer" */ = {
			isa = XCConfigurationList;
			buildConfigurations = (
				CEC3AFAF1708D68900C07745 /* Debug */,
				CEC3AFB01708D68900C07745 /* Release */,
			);
			defaultConfigurationIsVisible = 0;
			defaultConfigurationName = Release;
		};
/* End XCConfigurationList section */
	};
	rootObject = CEC3AF9D1708D68800C07745 /* Project object */;
}
